
Microsoft Visual Studio Solution File, Format Version 12.00
Project("{FAE04EC0-301F-11D3-BF4B-00C04F79EFBC}") = "laba_aisd_1", "laba_aisd_1\laba_aisd_1.csproj", "{2C3F4D82-B83E-4E28-BBAC-D18F41A8D7EB}"
EndProject
Global
	GlobalSection(SolutionConfigurationPlatforms) = preSolution
		Debug|Any CPU = Debug|Any CPU
		Release|Any CPU = Release|Any CPU
	EndGlobalSection
	GlobalSection(ProjectConfigurationPlatforms) = postSolution
		{2C3F4D82-B83E-4E28-BBAC-D18F41A8D7EB}.Debug|Any CPU.ActiveCfg = Debug|Any CPU
		{2C3F4D82-B83E-4E28-BBAC-D18F41A8D7EB}.Debug|Any CPU.Build.0 = Debug|Any CPU
		{2C3F4D82-B83E-4E28-BBAC-D18F41A8D7EB}.Release|Any CPU.ActiveCfg = Release|Any CPU
		{2C3F4D82-B83E-4E28-BBAC-D18F41A8D7EB}.Release|Any CPU.Build.0 = Release|Any CPU
	EndGlobalSection
EndGlobal
